
Microsoft Visual Studio Solution File, Format Version 12.00
# Visual Studio Version 17
VisualStudioVersion = 17.0.31903.59
MinimumVisualStudioVersion = 10.0.40219.1
Project("{FAE04EC0-301F-11D3-BF4B-00C04F79EFBC}") = "Akka.Benchmarker", "src\Akka.Benchmarker\Akka.Benchmarker.csproj", "{14034AF9-2B10-4EFF-933E-1B94777C345C}"
EndProject
Project("{2150E333-8FDC-42A3-9474-1A3956D46DE8}") = "build", "build", "{8DA62301-4525-484C-A99C-A43C94406E1A}"
	ProjectSection(SolutionItems) = preProject
		Directory.Build.props = Directory.Build.props
		Directory.Packages.props = Directory.Packages.props
		global.json = global.json
		nuget.config = nuget.config
	EndProjectSection
EndProject
Project("{FAE04EC0-301F-11D3-BF4B-00C04F79EFBC}") = "Akka.Benchmarker.Tests", "src\Akka.Benchmarker.Tests\Akka.Benchmarker.Tests.csproj", "{6D69E739-7060-40B2-B758-105C4A5CF01D}"
EndProject
Project("{2150E333-8FDC-42A3-9474-1A3956D46DE8}") = "samples", "samples", "{F53EEA06-59C3-4DF2-AE55-2A1D5787CA61}"
EndProject
Project("{FAE04EC0-301F-11D3-BF4B-00C04F79EFBC}") = "Akka.Benchmarker.Samples.BDN", "src\Akka.Benchmarker.Samples.BDN\Akka.Benchmarker.Samples.BDN.csproj", "{479E68A2-7B53-411B-A724-46260911FC71}"
EndProject
Global
	GlobalSection(SolutionConfigurationPlatforms) = preSolution
		Debug|Any CPU = Debug|Any CPU
		Release|Any CPU = Release|Any CPU
	EndGlobalSection
	GlobalSection(SolutionProperties) = preSolution
		HideSolutionNode = FALSE
	EndGlobalSection
	GlobalSection(ProjectConfigurationPlatforms) = postSolution
		{14034AF9-2B10-4EFF-933E-1B94777C345C}.Debug|Any CPU.ActiveCfg = Debug|Any CPU
		{14034AF9-2B10-4EFF-933E-1B94777C345C}.Debug|Any CPU.Build.0 = Debug|Any CPU
		{14034AF9-2B10-4EFF-933E-1B94777C345C}.Release|Any CPU.ActiveCfg = Release|Any CPU
		{14034AF9-2B10-4EFF-933E-1B94777C345C}.Release|Any CPU.Build.0 = Release|Any CPU
		{6D69E739-7060-40B2-B758-105C4A5CF01D}.Debug|Any CPU.ActiveCfg = Debug|Any CPU
		{6D69E739-7060-40B2-B758-105C4A5CF01D}.Debug|Any CPU.Build.0 = Debug|Any CPU
		{6D69E739-7060-40B2-B758-105C4A5CF01D}.Release|Any CPU.ActiveCfg = Release|Any CPU
		{6D69E739-7060-40B2-B758-105C4A5CF01D}.Release|Any CPU.Build.0 = Release|Any CPU
		{479E68A2-7B53-411B-A724-46260911FC71}.Debug|Any CPU.ActiveCfg = Debug|Any CPU
		{479E68A2-7B53-411B-A724-46260911FC71}.Debug|Any CPU.Build.0 = Debug|Any CPU
		{479E68A2-7B53-411B-A724-46260911FC71}.Release|Any CPU.ActiveCfg = Release|Any CPU
		{479E68A2-7B53-411B-A724-46260911FC71}.Release|Any CPU.Build.0 = Release|Any CPU
	EndGlobalSection
	GlobalSection(NestedProjects) = preSolution
		{479E68A2-7B53-411B-A724-46260911FC71} = {F53EEA06-59C3-4DF2-AE55-2A1D5787CA61}
	EndGlobalSection
EndGlobal
